
Microsoft Visual Studio Solution File, Format Version 12.00
# Visual Studio Version 17
VisualStudioVersion = 17.6.33927.249
MinimumVisualStudioVersion = 10.0.40219.1
Project("{FAE04EC0-301F-11D3-BF4B-00C04F79EFBC}") = "Exercise_3_DataBinding_Solution", "Exercise_3_DataBinding_Solution.csproj", "{687884C5-F2CD-4725-96A8-C125945265ED}"
EndProject
Global
	GlobalSection(SolutionConfigurationPlatforms) = preSolution
		Debug|Any CPU = Debug|Any CPU
		Release|Any CPU = Release|Any CPU
	EndGlobalSection
	GlobalSection(ProjectConfigurationPlatforms) = postSolution
		{687884C5-F2CD-4725-96A8-C125945265ED}.Debug|Any CPU.ActiveCfg = Debug|Any CPU
		{687884C5-F2CD-4725-96A8-C125945265ED}.Debug|Any CPU.Build.0 = Debug|Any CPU
		{687884C5-F2CD-4725-96A8-C125945265ED}.Release|Any CPU.ActiveCfg = Release|Any CPU
		{687884C5-F2CD-4725-96A8-C125945265ED}.Release|Any CPU.Build.0 = Release|Any CPU
	EndGlobalSection
	GlobalSection(SolutionProperties) = preSolution
		HideSolutionNode = FALSE
	EndGlobalSection
	GlobalSection(ExtensibilityGlobals) = postSolution
		SolutionGuid = {D634C428-EC0C-4C12-9DB8-B0CF8C2AB68C}
	EndGlobalSection
EndGlobal
