
Microsoft Visual Studio Solution File, Format Version 12.00
# Visual Studio Version 17
VisualStudioVersion = 17.6.33927.249
MinimumVisualStudioVersion = 10.0.40219.1
Project("{FAE04EC0-301F-11D3-BF4B-00C04F79EFBC}") = "Unit6_Examples_Command", "Unit6_Examples_Command.csproj", "{585A5ECD-B0F1-4D32-B6C2-5083F0ADFAEE}"
EndProject
Global
	GlobalSection(SolutionConfigurationPlatforms) = preSolution
		Debug|Any CPU = Debug|Any CPU
		Release|Any CPU = Release|Any CPU
	EndGlobalSection
	GlobalSection(ProjectConfigurationPlatforms) = postSolution
		{585A5ECD-B0F1-4D32-B6C2-5083F0ADFAEE}.Debug|Any CPU.ActiveCfg = Debug|Any CPU
		{585A5ECD-B0F1-4D32-B6C2-5083F0ADFAEE}.Debug|Any CPU.Build.0 = Debug|Any CPU
		{585A5ECD-B0F1-4D32-B6C2-5083F0ADFAEE}.Release|Any CPU.ActiveCfg = Release|Any CPU
		{585A5ECD-B0F1-4D32-B6C2-5083F0ADFAEE}.Release|Any CPU.Build.0 = Release|Any CPU
	EndGlobalSection
	GlobalSection(SolutionProperties) = preSolution
		HideSolutionNode = FALSE
	EndGlobalSection
	GlobalSection(ExtensibilityGlobals) = postSolution
		SolutionGuid = {74B6DE91-BA96-473A-A6A9-5EE3A33EFB5D}
	EndGlobalSection
EndGlobal
