
Microsoft Visual Studio Solution File, Format Version 12.00
# Visual Studio Version 17
VisualStudioVersion = 17.6.33927.249
MinimumVisualStudioVersion = 10.0.40219.1
Project("{FAE04EC0-301F-11D3-BF4B-00C04F79EFBC}") = "Unit7_Examples_Resources_Styles", "Unit7_Examples_Resources_Styles.csproj", "{548BBB03-E830-4B36-95F9-00F3BA53F41C}"
EndProject
Global
	GlobalSection(SolutionConfigurationPlatforms) = preSolution
		Debug|Any CPU = Debug|Any CPU
		Release|Any CPU = Release|Any CPU
	EndGlobalSection
	GlobalSection(ProjectConfigurationPlatforms) = postSolution
		{548BBB03-E830-4B36-95F9-00F3BA53F41C}.Debug|Any CPU.ActiveCfg = Debug|Any CPU
		{548BBB03-E830-4B36-95F9-00F3BA53F41C}.Debug|Any CPU.Build.0 = Debug|Any CPU
		{548BBB03-E830-4B36-95F9-00F3BA53F41C}.Release|Any CPU.ActiveCfg = Release|Any CPU
		{548BBB03-E830-4B36-95F9-00F3BA53F41C}.Release|Any CPU.Build.0 = Release|Any CPU
	EndGlobalSection
	GlobalSection(SolutionProperties) = preSolution
		HideSolutionNode = FALSE
	EndGlobalSection
	GlobalSection(ExtensibilityGlobals) = postSolution
		SolutionGuid = {C4262138-BFAB-49AF-BAF7-2B42B1CDAE89}
	EndGlobalSection
EndGlobal
