
Microsoft Visual Studio Solution File, Format Version 12.00
# Visual Studio Version 17
VisualStudioVersion = 17.6.33927.249
MinimumVisualStudioVersion = 10.0.40219.1
Project("{FAE04EC0-301F-11D3-BF4B-00C04F79EFBC}") = "Unit3_Examples_DataBinding", "Unit3_Examples_DataBinding.csproj", "{92720D63-F4A3-40B2-89BB-FD807E4D171D}"
EndProject
Global
	GlobalSection(SolutionConfigurationPlatforms) = preSolution
		Debug|Any CPU = Debug|Any CPU
		Release|Any CPU = Release|Any CPU
	EndGlobalSection
	GlobalSection(ProjectConfigurationPlatforms) = postSolution
		{92720D63-F4A3-40B2-89BB-FD807E4D171D}.Debug|Any CPU.ActiveCfg = Debug|Any CPU
		{92720D63-F4A3-40B2-89BB-FD807E4D171D}.Debug|Any CPU.Build.0 = Debug|Any CPU
		{92720D63-F4A3-40B2-89BB-FD807E4D171D}.Release|Any CPU.ActiveCfg = Release|Any CPU
		{92720D63-F4A3-40B2-89BB-FD807E4D171D}.Release|Any CPU.Build.0 = Release|Any CPU
	EndGlobalSection
	GlobalSection(SolutionProperties) = preSolution
		HideSolutionNode = FALSE
	EndGlobalSection
	GlobalSection(ExtensibilityGlobals) = postSolution
		SolutionGuid = {997A4C15-F844-4FD6-9AA1-824BFDE784C4}
	EndGlobalSection
EndGlobal
