
Microsoft Visual Studio Solution File, Format Version 12.00
# Visual Studio Version 17
VisualStudioVersion = 17.6.33927.249
MinimumVisualStudioVersion = 10.0.40219.1
Project("{FAE04EC0-301F-11D3-BF4B-00C04F79EFBC}") = "Exercise_9_Control_Templates_Solution", "Exercise_9_Control_Templates_Solution.csproj", "{117AB693-46D3-4C66-8386-9CCB1F0C0408}"
EndProject
Global
	GlobalSection(SolutionConfigurationPlatforms) = preSolution
		Debug|Any CPU = Debug|Any CPU
		Release|Any CPU = Release|Any CPU
	EndGlobalSection
	GlobalSection(ProjectConfigurationPlatforms) = postSolution
		{117AB693-46D3-4C66-8386-9CCB1F0C0408}.Debug|Any CPU.ActiveCfg = Debug|Any CPU
		{117AB693-46D3-4C66-8386-9CCB1F0C0408}.Debug|Any CPU.Build.0 = Debug|Any CPU
		{117AB693-46D3-4C66-8386-9CCB1F0C0408}.Release|Any CPU.ActiveCfg = Release|Any CPU
		{117AB693-46D3-4C66-8386-9CCB1F0C0408}.Release|Any CPU.Build.0 = Release|Any CPU
	EndGlobalSection
	GlobalSection(SolutionProperties) = preSolution
		HideSolutionNode = FALSE
	EndGlobalSection
	GlobalSection(ExtensibilityGlobals) = postSolution
		SolutionGuid = {78B1C853-98BB-46CC-98CA-5633F0E6676F}
	EndGlobalSection
EndGlobal
